
Microsoft Visual Studio Solution File, Format Version 12.00
Project("{FAE04EC0-301F-11D3-BF4B-00C04F79EFBC}") = "MyBook", "MyBook\MyBook.csproj", "{1B6D4D89-A071-4482-9E4E-810F293933A9}"
EndProject
Project("{FAE04EC0-301F-11D3-BF4B-00C04F79EFBC}") = "MyBook.DataAccess", "MyBook.DataAccess\MyBook.DataAccess.csproj", "{9E092752-9231-4170-B813-EBDEBFE8C0E8}"
EndProject
Project("{FAE04EC0-301F-11D3-BF4B-00C04F79EFBC}") = "MyBook.Entity", "MyBook.Entity\MyBook.Entity.csproj", "{30C732DF-2214-43C7-A04C-1CD7638FFB36}"
EndProject
Project("{FAE04EC0-301F-11D3-BF4B-00C04F79EFBC}") = "MyBook.Services", "MyBook.Services\MyBook.Services.csproj", "{B6D5DCB1-B2EC-4882-AD56-44C2FC92A15E}"
EndProject
Project("{F2A71F9B-5D33-465A-A702-920D77279786}") = "MyBook.FSharp", "MyBook.FSharp\MyBook.FSharp.fsproj", "{5152CF64-0FCC-434C-8368-FD89BE8DAC2A}"
EndProject
Global
	GlobalSection(SolutionConfigurationPlatforms) = preSolution
		Debug|Any CPU = Debug|Any CPU
		Release|Any CPU = Release|Any CPU
	EndGlobalSection
	GlobalSection(ProjectConfigurationPlatforms) = postSolution
		{1B6D4D89-A071-4482-9E4E-810F293933A9}.Debug|Any CPU.ActiveCfg = Debug|Any CPU
		{1B6D4D89-A071-4482-9E4E-810F293933A9}.Debug|Any CPU.Build.0 = Debug|Any CPU
		{1B6D4D89-A071-4482-9E4E-810F293933A9}.Release|Any CPU.ActiveCfg = Release|Any CPU
		{1B6D4D89-A071-4482-9E4E-810F293933A9}.Release|Any CPU.Build.0 = Release|Any CPU
		{9E092752-9231-4170-B813-EBDEBFE8C0E8}.Debug|Any CPU.ActiveCfg = Debug|Any CPU
		{9E092752-9231-4170-B813-EBDEBFE8C0E8}.Debug|Any CPU.Build.0 = Debug|Any CPU
		{9E092752-9231-4170-B813-EBDEBFE8C0E8}.Release|Any CPU.ActiveCfg = Release|Any CPU
		{9E092752-9231-4170-B813-EBDEBFE8C0E8}.Release|Any CPU.Build.0 = Release|Any CPU
		{30C732DF-2214-43C7-A04C-1CD7638FFB36}.Debug|Any CPU.ActiveCfg = Debug|Any CPU
		{30C732DF-2214-43C7-A04C-1CD7638FFB36}.Debug|Any CPU.Build.0 = Debug|Any CPU
		{30C732DF-2214-43C7-A04C-1CD7638FFB36}.Release|Any CPU.ActiveCfg = Release|Any CPU
		{30C732DF-2214-43C7-A04C-1CD7638FFB36}.Release|Any CPU.Build.0 = Release|Any CPU
		{B6D5DCB1-B2EC-4882-AD56-44C2FC92A15E}.Debug|Any CPU.ActiveCfg = Debug|Any CPU
		{B6D5DCB1-B2EC-4882-AD56-44C2FC92A15E}.Debug|Any CPU.Build.0 = Debug|Any CPU
		{B6D5DCB1-B2EC-4882-AD56-44C2FC92A15E}.Release|Any CPU.ActiveCfg = Release|Any CPU
		{B6D5DCB1-B2EC-4882-AD56-44C2FC92A15E}.Release|Any CPU.Build.0 = Release|Any CPU
		{5152CF64-0FCC-434C-8368-FD89BE8DAC2A}.Debug|Any CPU.ActiveCfg = Debug|Any CPU
		{5152CF64-0FCC-434C-8368-FD89BE8DAC2A}.Debug|Any CPU.Build.0 = Debug|Any CPU
		{5152CF64-0FCC-434C-8368-FD89BE8DAC2A}.Release|Any CPU.ActiveCfg = Release|Any CPU
		{5152CF64-0FCC-434C-8368-FD89BE8DAC2A}.Release|Any CPU.Build.0 = Release|Any CPU
	EndGlobalSection
EndGlobal
